{
    "name": "lexical-analyzer",
    "version": "1.0.0",
    "lockfileVersion": 3,
    "requires": true,
    "packages": {
        "": {
            "name": "lexical-analyzer",
            "version": "1.0.0",
            "dependencies": {
                "lexical-analyzer": "file:"
            }
        },
        "node_modules/lexical-analyzer": {
            "resolved": "",
            "link": true
        }
    }
}
